
Microsoft Visual Studio Solution File, Format Version 12.00
# Visual Studio Version 16
VisualStudioVersion = 16.0.29230.47
MinimumVisualStudioVersion = 10.0.40219.1
Project("{FAE04EC0-301F-11D3-BF4B-00C04F79EFBC}") = "VerzioKezelesHF", "VerzioKezelesHF.csproj", "{945E3F44-F1A3-4F92-BEA4-8993733FD2E6}"
EndProject
Global
	GlobalSection(SolutionConfigurationPlatforms) = preSolution
		Debug|Any CPU = Debug|Any CPU
		Release|Any CPU = Release|Any CPU
	EndGlobalSection
	GlobalSection(ProjectConfigurationPlatforms) = postSolution
		{945E3F44-F1A3-4F92-BEA4-8993733FD2E6}.Debug|Any CPU.ActiveCfg = Debug|Any CPU
		{945E3F44-F1A3-4F92-BEA4-8993733FD2E6}.Debug|Any CPU.Build.0 = Debug|Any CPU
		{945E3F44-F1A3-4F92-BEA4-8993733FD2E6}.Release|Any CPU.ActiveCfg = Release|Any CPU
		{945E3F44-F1A3-4F92-BEA4-8993733FD2E6}.Release|Any CPU.Build.0 = Release|Any CPU
	EndGlobalSection
	GlobalSection(SolutionProperties) = preSolution
		HideSolutionNode = FALSE
	EndGlobalSection
	GlobalSection(ExtensibilityGlobals) = postSolution
		SolutionGuid = {EC59DD0C-FA20-4BCB-BFE6-A834EBB18A18}
	EndGlobalSection
EndGlobal
